
Microsoft Visual Studio Solution File, Format Version 12.00
# Visual Studio Version 17
VisualStudioVersion = 17.12.35527.113
MinimumVisualStudioVersion = 10.0.40219.1
Project("{9A19103F-16F7-4668-BE54-9A1E7A4F7556}") = "SampleApplication.Test", "test\SampleApplication.Test\SampleApplication.Test.csproj", "{7F94EBE2-81B0-4452-AD23-B892E0849D7E}"
EndProject
Project("{9A19103F-16F7-4668-BE54-9A1E7A4F7556}") = "SampleApplication", "src\SampleApplication\SampleApplication.csproj", "{76FFB2B5-6FF8-4534-A64E-903744DE8D0D}"
EndProject
Project("{2150E333-8FDC-42A3-9474-1A3956D46DE8}") = "_SolutionItems", "_SolutionItems", "{6A90FD9B-A9E0-47B8-84BA-02692A955EFC}"
	ProjectSection(SolutionItems) = preProject
		.gitignore = .gitignore
		SolutionDefines.ProjectVersion.targets = SolutionDefines.ProjectVersion.targets
		SolutionDefines.targets = SolutionDefines.targets
	EndProjectSection
EndProject
Project("{2150E333-8FDC-42A3-9474-1A3956D46DE8}") = "_deploy", "_deploy", "{2053BA25-3D77-45C9-82B3-71D2387AF4B4}"
	ProjectSection(SolutionItems) = preProject
		.github\workflows\dotnet-ci-cd.yml = .github\workflows\dotnet-ci-cd.yml
		.github\workflows\nuget-publish.yml = .github\workflows\nuget-publish.yml
	EndProjectSection
EndProject
Project("{2150E333-8FDC-42A3-9474-1A3956D46DE8}") = "actions", "actions", "{923A4133-09F3-4DFE-B0F5-B77C7424355C}"
EndProject
Project("{2150E333-8FDC-42A3-9474-1A3956D46DE8}") = "update-version", "update-version", "{75801F20-5BF1-4485-86B2-54054D2D8F1E}"
	ProjectSection(SolutionItems) = preProject
		.github\actions\update-version\action.yml = .github\actions\update-version\action.yml
	EndProjectSection
EndProject
Project("{2150E333-8FDC-42A3-9474-1A3956D46DE8}") = "release-tag", "release-tag", "{B04E814B-C61E-4949-98D7-3F0880DBF1D8}"
	ProjectSection(SolutionItems) = preProject
		.github\actions\release_tag\action.yml = .github\actions\release_tag\action.yml
	EndProjectSection
EndProject
Global
	GlobalSection(SolutionConfigurationPlatforms) = preSolution
		Debug|Any CPU = Debug|Any CPU
		Release|Any CPU = Release|Any CPU
	EndGlobalSection
	GlobalSection(ProjectConfigurationPlatforms) = postSolution
		{7F94EBE2-81B0-4452-AD23-B892E0849D7E}.Debug|Any CPU.ActiveCfg = Debug|Any CPU
		{7F94EBE2-81B0-4452-AD23-B892E0849D7E}.Debug|Any CPU.Build.0 = Debug|Any CPU
		{7F94EBE2-81B0-4452-AD23-B892E0849D7E}.Release|Any CPU.ActiveCfg = Release|Any CPU
		{7F94EBE2-81B0-4452-AD23-B892E0849D7E}.Release|Any CPU.Build.0 = Release|Any CPU
		{76FFB2B5-6FF8-4534-A64E-903744DE8D0D}.Debug|Any CPU.ActiveCfg = Debug|Any CPU
		{76FFB2B5-6FF8-4534-A64E-903744DE8D0D}.Debug|Any CPU.Build.0 = Debug|Any CPU
		{76FFB2B5-6FF8-4534-A64E-903744DE8D0D}.Release|Any CPU.ActiveCfg = Release|Any CPU
		{76FFB2B5-6FF8-4534-A64E-903744DE8D0D}.Release|Any CPU.Build.0 = Release|Any CPU
	EndGlobalSection
	GlobalSection(SolutionProperties) = preSolution
		HideSolutionNode = FALSE
	EndGlobalSection
	GlobalSection(NestedProjects) = preSolution
		{923A4133-09F3-4DFE-B0F5-B77C7424355C} = {2053BA25-3D77-45C9-82B3-71D2387AF4B4}
		{75801F20-5BF1-4485-86B2-54054D2D8F1E} = {923A4133-09F3-4DFE-B0F5-B77C7424355C}
		{B04E814B-C61E-4949-98D7-3F0880DBF1D8} = {923A4133-09F3-4DFE-B0F5-B77C7424355C}
	EndGlobalSection
	GlobalSection(ExtensibilityGlobals) = postSolution
		SolutionGuid = {9EEF0772-A6A9-453F-B136-432F51F8E22D}
	EndGlobalSection
EndGlobal
